// !$*UTF8*$!
{
	archiveVersion = 1;
	classes = {
	};
	objectVersion = 55;
	objects = {

/* Begin PBXBuildFile section */
		2F1870A5281CCF4C00383F23 /* ProfileView.swift in Sources */ = {isa = PBXBuildFile; fileRef = 2F1870A4281CCF4C00383F23 /* ProfileView.swift */; };
		2F1870A7281CD86900383F23 /* SignInView.swift in Sources */ = {isa = PBXBuildFile; fileRef = 2F1870A6281CD86900383F23 /* SignInView.swift */; };
		2F2931F8281A29E300F06C24 /* PlantyApp.swift in Sources */ = {isa = PBXBuildFile; fileRef = 2F2931F7281A29E300F06C24 /* PlantyApp.swift */; };
		2F2931FA281A29E300F06C24 /* ContentView.swift in Sources */ = {isa = PBXBuildFile; fileRef = 2F2931F9281A29E300F06C24 /* ContentView.swift */; };
		2F2931FC281A29E300F06C24 /* Assets.xcassets in Resources */ = {isa = PBXBuildFile; fileRef = 2F2931FB281A29E300F06C24 /* Assets.xcassets */; };
		2F2931FF281A29E300F06C24 /* Preview Assets.xcassets in Resources */ = {isa = PBXBuildFile; fileRef = 2F2931FE281A29E300F06C24 /* Preview Assets.xcassets */; };
		2F293209281A29E400F06C24 /* PlantyTests.swift in Sources */ = {isa = PBXBuildFile; fileRef = 2F293208281A29E400F06C24 /* PlantyTests.swift */; };
		2F293213281A29E400F06C24 /* PlantyUITests.swift in Sources */ = {isa = PBXBuildFile; fileRef = 2F293212281A29E400F06C24 /* PlantyUITests.swift */; };
		2F293215281A29E400F06C24 /* PlantyUITestsLaunchTests.swift in Sources */ = {isa = PBXBuildFile; fileRef = 2F293214281A29E400F06C24 /* PlantyUITestsLaunchTests.swift */; };
		2F293226281A307F00F06C24 /* HomeView.swift in Sources */ = {isa = PBXBuildFile; fileRef = 2F293225281A307F00F06C24 /* HomeView.swift */; };
		2F29322D281A312D00F06C24 /* ElevatedButton.swift in Sources */ = {isa = PBXBuildFile; fileRef = 2F29322C281A312D00F06C24 /* ElevatedButton.swift */; };
		2F293230281A315900F06C24 /* OutlinedButton.swift in Sources */ = {isa = PBXBuildFile; fileRef = 2F29322F281A315900F06C24 /* OutlinedButton.swift */; };
		2F34BCD9281ACC9B00F55687 /* PlantCard.swift in Sources */ = {isa = PBXBuildFile; fileRef = 2F34BCD8281ACC9B00F55687 /* PlantCard.swift */; };
		2F34BCDB281ADF3A00F55687 /* ArticleCard.swift in Sources */ = {isa = PBXBuildFile; fileRef = 2F34BCDA281ADF3A00F55687 /* ArticleCard.swift */; };
		2FE1F501281A930300532AD0 /* FlatButton.swift in Sources */ = {isa = PBXBuildFile; fileRef = 2FE1F500281A930300532AD0 /* FlatButton.swift */; };
		2FE1F503281ABF7E00532AD0 /* AddButton.swift in Sources */ = {isa = PBXBuildFile; fileRef = 2FE1F502281ABF7E00532AD0 /* AddButton.swift */; };
		2FE1F505281AC0A100532AD0 /* MinusButton.swift in Sources */ = {isa = PBXBuildFile; fileRef = 2FE1F504281AC0A100532AD0 /* MinusButton.swift */; };
		2FE1F508281AC28E00532AD0 /* TextField.swift in Sources */ = {isa = PBXBuildFile; fileRef = 2FE1F507281AC28E00532AD0 /* TextField.swift */; };
/* End PBXBuildFile section */

/* Begin PBXContainerItemProxy section */
		2F293205281A29E400F06C24 /* PBXContainerItemProxy */ = {
			isa = PBXContainerItemProxy;
			containerPortal = 2F2931EC281A29E300F06C24 /* Project object */;
			proxyType = 1;
			remoteGlobalIDString = 2F2931F3281A29E300F06C24;
			remoteInfo = Planty;
		};
		2F29320F281A29E400F06C24 /* PBXContainerItemProxy */ = {
			isa = PBXContainerItemProxy;
			containerPortal = 2F2931EC281A29E300F06C24 /* Project object */;
			proxyType = 1;
			remoteGlobalIDString = 2F2931F3281A29E300F06C24;
			remoteInfo = Planty;
		};
/* End PBXContainerItemProxy section */

/* Begin PBXFileReference section */
		2F1870A4281CCF4C00383F23 /* ProfileView.swift */ = {isa = PBXFileReference; lastKnownFileType = sourcecode.swift; path = ProfileView.swift; sourceTree = "<group>"; };
		2F1870A6281CD86900383F23 /* SignInView.swift */ = {isa = PBXFileReference; lastKnownFileType = sourcecode.swift; path = SignInView.swift; sourceTree = "<group>"; };
		2F2931F4281A29E300F06C24 /* Planty.app */ = {isa = PBXFileReference; explicitFileType = wrapper.application; includeInIndex = 0; path = Planty.app; sourceTree = BUILT_PRODUCTS_DIR; };
		2F2931F7281A29E300F06C24 /* PlantyApp.swift */ = {isa = PBXFileReference; lastKnownFileType = sourcecode.swift; path = PlantyApp.swift; sourceTree = "<group>"; };
		2F2931F9281A29E300F06C24 /* ContentView.swift */ = {isa = PBXFileReference; lastKnownFileType = sourcecode.swift; path = ContentView.swift; sourceTree = "<group>"; };
		2F2931FB281A29E300F06C24 /* Assets.xcassets */ = {isa = PBXFileReference; lastKnownFileType = folder.assetcatalog; path = Assets.xcassets; sourceTree = "<group>"; };
		2F2931FE281A29E300F06C24 /* Preview Assets.xcassets */ = {isa = PBXFileReference; lastKnownFileType = folder.assetcatalog; path = "Preview Assets.xcassets"; sourceTree = "<group>"; };
		2F293204281A29E400F06C24 /* PlantyTests.xctest */ = {isa = PBXFileReference; explicitFileType = wrapper.cfbundle; includeInIndex = 0; path = PlantyTests.xctest; sourceTree = BUILT_PRODUCTS_DIR; };
		2F293208281A29E400F06C24 /* PlantyTests.swift */ = {isa = PBXFileReference; lastKnownFileType = sourcecode.swift; path = PlantyTests.swift; sourceTree = "<group>"; };
		2F29320E281A29E400F06C24 /* PlantyUITests.xctest */ = {isa = PBXFileReference; explicitFileType = wrapper.cfbundle; includeInIndex = 0; path = PlantyUITests.xctest; sourceTree = BUILT_PRODUCTS_DIR; };
		2F293212281A29E400F06C24 /* PlantyUITests.swift */ = {isa = PBXFileReference; lastKnownFileType = sourcecode.swift; path = PlantyUITests.swift; sourceTree = "<group>"; };
		2F293214281A29E400F06C24 /* PlantyUITestsLaunchTests.swift */ = {isa = PBXFileReference; lastKnownFileType = sourcecode.swift; path = PlantyUITestsLaunchTests.swift; sourceTree = "<group>"; };
		2F293225281A307F00F06C24 /* HomeView.swift */ = {isa = PBXFileReference; lastKnownFileType = sourcecode.swift; path = HomeView.swift; sourceTree = "<group>"; };
		2F29322C281A312D00F06C24 /* ElevatedButton.swift */ = {isa = PBXFileReference; lastKnownFileType = sourcecode.swift; path = ElevatedButton.swift; sourceTree = "<group>"; };
		2F29322F281A315900F06C24 /* OutlinedButton.swift */ = {isa = PBXFileReference; lastKnownFileType = sourcecode.swift; path = OutlinedButton.swift; sourceTree = "<group>"; };
		2F34BCD8281ACC9B00F55687 /* PlantCard.swift */ = {isa = PBXFileReference; lastKnownFileType = sourcecode.swift; path = PlantCard.swift; sourceTree = "<group>"; };
		2F34BCDA281ADF3A00F55687 /* ArticleCard.swift */ = {isa = PBXFileReference; lastKnownFileType = sourcecode.swift; path = ArticleCard.swift; sourceTree = "<group>"; };
		2FE1F500281A930300532AD0 /* FlatButton.swift */ = {isa = PBXFileReference; lastKnownFileType = sourcecode.swift; path = FlatButton.swift; sourceTree = "<group>"; };
		2FE1F502281ABF7E00532AD0 /* AddButton.swift */ = {isa = PBXFileReference; lastKnownFileType = sourcecode.swift; path = AddButton.swift; sourceTree = "<group>"; };
		2FE1F504281AC0A100532AD0 /* MinusButton.swift */ = {isa = PBXFileReference; lastKnownFileType = sourcecode.swift; path = MinusButton.swift; sourceTree = "<group>"; };
		2FE1F507281AC28E00532AD0 /* TextField.swift */ = {isa = PBXFileReference; lastKnownFileType = sourcecode.swift; path = TextField.swift; sourceTree = "<group>"; };
/* End PBXFileReference section */

/* Begin PBXFrameworksBuildPhase section */
		2F2931F1281A29E300F06C24 /* Frameworks */ = {
			isa = PBXFrameworksBuildPhase;
			buildActionMask = 2147483647;
			files = (
			);
			runOnlyForDeploymentPostprocessing = 0;
		};
		2F293201281A29E400F06C24 /* Frameworks */ = {
			isa = PBXFrameworksBuildPhase;
			buildActionMask = 2147483647;
			files = (
			);
			runOnlyForDeploymentPostprocessing = 0;
		};
		2F29320B281A29E400F06C24 /* Frameworks */ = {
			isa = PBXFrameworksBuildPhase;
			buildActionMask = 2147483647;
			files = (
			);
			runOnlyForDeploymentPostprocessing = 0;
		};
/* End PBXFrameworksBuildPhase section */

/* Begin PBXGroup section */
		2F2931EB281A29E300F06C24 = {
			isa = PBXGroup;
			children = (
				2F2931F6281A29E300F06C24 /* Planty */,
				2F293207281A29E400F06C24 /* PlantyTests */,
				2F293211281A29E400F06C24 /* PlantyUITests */,
				2F2931F5281A29E300F06C24 /* Products */,
			);
			sourceTree = "<group>";
		};
		2F2931F5281A29E300F06C24 /* Products */ = {
			isa = PBXGroup;
			children = (
				2F2931F4281A29E300F06C24 /* Planty.app */,
				2F293204281A29E400F06C24 /* PlantyTests.xctest */,
				2F29320E281A29E400F06C24 /* PlantyUITests.xctest */,
			);
			name = Products;
			sourceTree = "<group>";
		};
		2F2931F6281A29E300F06C24 /* Planty */ = {
			isa = PBXGroup;
			children = (
				2F2931F7281A29E300F06C24 /* PlantyApp.swift */,
				2F293224281A2AA100F06C24 /* Data */,
				2F293223281A2A9700F06C24 /* Helpers */,
				2F293222281A2A9100F06C24 /* Utils */,
				2F293221281A2A8900F06C24 /* UI */,
				2F2931FB281A29E300F06C24 /* Assets.xcassets */,
				2F2931FD281A29E300F06C24 /* Preview Content */,
			);
			path = Planty;
			sourceTree = "<group>";
		};
		2F2931FD281A29E300F06C24 /* Preview Content */ = {
			isa = PBXGroup;
			children = (
				2F2931FE281A29E300F06C24 /* Preview Assets.xcassets */,
			);
			path = "Preview Content";
			sourceTree = "<group>";
		};
		2F293207281A29E400F06C24 /* PlantyTests */ = {
			isa = PBXGroup;
			children = (
				2F293208281A29E400F06C24 /* PlantyTests.swift */,
			);
			path = PlantyTests;
			sourceTree = "<group>";
		};
		2F293211281A29E400F06C24 /* PlantyUITests */ = {
			isa = PBXGroup;
			children = (
				2F293212281A29E400F06C24 /* PlantyUITests.swift */,
				2F293214281A29E400F06C24 /* PlantyUITestsLaunchTests.swift */,
			);
			path = PlantyUITests;
			sourceTree = "<group>";
		};
		2F293221281A2A8900F06C24 /* UI */ = {
			isa = PBXGroup;
			children = (
				2F293229281A30E300F06C24 /* Atoms */,
				2F29322A281A30F300F06C24 /* Moleculs */,
				2F293228281A30DB00F06C24 /* Pages */,
				2F293225281A307F00F06C24 /* HomeView.swift */,
				2F1870A4281CCF4C00383F23 /* ProfileView.swift */,
				2F1870A6281CD86900383F23 /* SignInView.swift */,
				2F2931F9281A29E300F06C24 /* ContentView.swift */,
			);
			path = UI;
			sourceTree = "<group>";
		};
		2F293222281A2A9100F06C24 /* Utils */ = {
			isa = PBXGroup;
			children = (
			);
			path = Utils;
			sourceTree = "<group>";
		};
		2F293223281A2A9700F06C24 /* Helpers */ = {
			isa = PBXGroup;
			children = (
			);
			path = Helpers;
			sourceTree = "<group>";
		};
		2F293224281A2AA100F06C24 /* Data */ = {
			isa = PBXGroup;
			children = (
			);
			path = Data;
			sourceTree = "<group>";
		};
		2F293228281A30DB00F06C24 /* Pages */ = {
			isa = PBXGroup;
			children = (
			);
			path = Pages;
			sourceTree = "<group>";
		};
		2F293229281A30E300F06C24 /* Atoms */ = {
			isa = PBXGroup;
			children = (
				2F34BCD7281ACC8000F55687 /* Card */,
				2FE1F506281AC21E00532AD0 /* TextField */,
				2F29322B281A311A00F06C24 /* Button */,
			);
			path = Atoms;
			sourceTree = "<group>";
		};
		2F29322A281A30F300F06C24 /* Moleculs */ = {
			isa = PBXGroup;
			children = (
			);
			path = Moleculs;
			sourceTree = "<group>";
		};
		2F29322B281A311A00F06C24 /* Button */ = {
			isa = PBXGroup;
			children = (
				2F29322C281A312D00F06C24 /* ElevatedButton.swift */,
				2F29322F281A315900F06C24 /* OutlinedButton.swift */,
				2FE1F500281A930300532AD0 /* FlatButton.swift */,
				2FE1F502281ABF7E00532AD0 /* AddButton.swift */,
				2FE1F504281AC0A100532AD0 /* MinusButton.swift */,
			);
			path = Button;
			sourceTree = "<group>";
		};
		2F34BCD7281ACC8000F55687 /* Card */ = {
			isa = PBXGroup;
			children = (
				2F34BCD8281ACC9B00F55687 /* PlantCard.swift */,
				2F34BCDA281ADF3A00F55687 /* ArticleCard.swift */,
			);
			path = Card;
			sourceTree = "<group>";
		};
		2FE1F506281AC21E00532AD0 /* TextField */ = {
			isa = PBXGroup;
			children = (
				2FE1F507281AC28E00532AD0 /* TextField.swift */,
			);
			path = TextField;
			sourceTree = "<group>";
		};
/* End PBXGroup section */

/* Begin PBXNativeTarget section */
		2F2931F3281A29E300F06C24 /* Planty */ = {
			isa = PBXNativeTarget;
			buildConfigurationList = 2F293218281A29E400F06C24 /* Build configuration list for PBXNativeTarget "Planty" */;
			buildPhases = (
				2F2931F0281A29E300F06C24 /* Sources */,
				2F2931F1281A29E300F06C24 /* Frameworks */,
				2F2931F2281A29E300F06C24 /* Resources */,
			);
			buildRules = (
			);
			dependencies = (
			);
			name = Planty;
			productName = Planty;
			productReference = 2F2931F4281A29E300F06C24 /* Planty.app */;
			productType = "com.apple.product-type.application";
		};
		2F293203281A29E400F06C24 /* PlantyTests */ = {
			isa = PBXNativeTarget;
			buildConfigurationList = 2F29321B281A29E400F06C24 /* Build configuration list for PBXNativeTarget "PlantyTests" */;
			buildPhases = (
				2F293200281A29E400F06C24 /* Sources */,
				2F293201281A29E400F06C24 /* Frameworks */,
				2F293202281A29E400F06C24 /* Resources */,
			);
			buildRules = (
			);
			dependencies = (
				2F293206281A29E400F06C24 /* PBXTargetDependency */,
			);
			name = PlantyTests;
			productName = PlantyTests;
			productReference = 2F293204281A29E400F06C24 /* PlantyTests.xctest */;
			productType = "com.apple.product-type.bundle.unit-test";
		};
		2F29320D281A29E400F06C24 /* PlantyUITests */ = {
			isa = PBXNativeTarget;
			buildConfigurationList = 2F29321E281A29E400F06C24 /* Build configuration list for PBXNativeTarget "PlantyUITests" */;
			buildPhases = (
				2F29320A281A29E400F06C24 /* Sources */,
				2F29320B281A29E400F06C24 /* Frameworks */,
				2F29320C281A29E400F06C24 /* Resources */,
			);
			buildRules = (
			);
			dependencies = (
				2F293210281A29E400F06C24 /* PBXTargetDependency */,
			);
			name = PlantyUITests;
			productName = PlantyUITests;
			productReference = 2F29320E281A29E400F06C24 /* PlantyUITests.xctest */;
			productType = "com.apple.product-type.bundle.ui-testing";
		};
/* End PBXNativeTarget section */

/* Begin PBXProject section */
		2F2931EC281A29E300F06C24 /* Project object */ = {
			isa = PBXProject;
			attributes = {
				BuildIndependentTargetsInParallel = 1;
				LastSwiftUpdateCheck = 1320;
				LastUpgradeCheck = 1320;
				TargetAttributes = {
					2F2931F3281A29E300F06C24 = {
						CreatedOnToolsVersion = 13.2.1;
					};
					2F293203281A29E400F06C24 = {
						CreatedOnToolsVersion = 13.2.1;
						TestTargetID = 2F2931F3281A29E300F06C24;
					};
					2F29320D281A29E400F06C24 = {
						CreatedOnToolsVersion = 13.2.1;
						TestTargetID = 2F2931F3281A29E300F06C24;
					};
				};
			};
			buildConfigurationList = 2F2931EF281A29E300F06C24 /* Build configuration list for PBXProject "Planty" */;
			compatibilityVersion = "Xcode 13.0";
			developmentRegion = en;
			hasScannedForEncodings = 0;
			knownRegions = (
				en,
				Base,
			);
			mainGroup = 2F2931EB281A29E300F06C24;
			productRefGroup = 2F2931F5281A29E300F06C24 /* Products */;
			projectDirPath = "";
			projectRoot = "";
			targets = (
				2F2931F3281A29E300F06C24 /* Planty */,
				2F293203281A29E400F06C24 /* PlantyTests */,
				2F29320D281A29E400F06C24 /* PlantyUITests */,
			);
		};
/* End PBXProject section */

/* Begin PBXResourcesBuildPhase section */
		2F2931F2281A29E300F06C24 /* Resources */ = {
			isa = PBXResourcesBuildPhase;
			buildActionMask = 2147483647;
			files = (
				2F2931FF281A29E300F06C24 /* Preview Assets.xcassets in Resources */,
				2F2931FC281A29E300F06C24 /* Assets.xcassets in Resources */,
			);
			runOnlyForDeploymentPostprocessing = 0;
		};
		2F293202281A29E400F06C24 /* Resources */ = {
			isa = PBXResourcesBuildPhase;
			buildActionMask = 2147483647;
			files = (
			);
			runOnlyForDeploymentPostprocessing = 0;
		};
		2F29320C281A29E400F06C24 /* Resources */ = {
			isa = PBXResourcesBuildPhase;
			buildActionMask = 2147483647;
			files = (
			);
			runOnlyForDeploymentPostprocessing = 0;
		};
/* End PBXResourcesBuildPhase section */

/* Begin PBXSourcesBuildPhase section */
		2F2931F0281A29E300F06C24 /* Sources */ = {
			isa = PBXSourcesBuildPhase;
			buildActionMask = 2147483647;
			files = (
				2FE1F501281A930300532AD0 /* FlatButton.swift in Sources */,
				2FE1F503281ABF7E00532AD0 /* AddButton.swift in Sources */,
				2F293230281A315900F06C24 /* OutlinedButton.swift in Sources */,
				2F293226281A307F00F06C24 /* HomeView.swift in Sources */,
				2F1870A5281CCF4C00383F23 /* ProfileView.swift in Sources */,
				2FE1F505281AC0A100532AD0 /* MinusButton.swift in Sources */,
				2F29322D281A312D00F06C24 /* ElevatedButton.swift in Sources */,
				2F34BCDB281ADF3A00F55687 /* ArticleCard.swift in Sources */,
				2FE1F508281AC28E00532AD0 /* TextField.swift in Sources */,
				2F34BCD9281ACC9B00F55687 /* PlantCard.swift in Sources */,
				2F2931FA281A29E300F06C24 /* ContentView.swift in Sources */,
				2F2931F8281A29E300F06C24 /* PlantyApp.swift in Sources */,
				2F1870A7281CD86900383F23 /* SignInView.swift in Sources */,
			);
			runOnlyForDeploymentPostprocessing = 0;
		};
		2F293200281A29E400F06C24 /* Sources */ = {
			isa = PBXSourcesBuildPhase;
			buildActionMask = 2147483647;
			files = (
				2F293209281A29E400F06C24 /* PlantyTests.swift in Sources */,
			);
			runOnlyForDeploymentPostprocessing = 0;
		};
		2F29320A281A29E400F06C24 /* Sources */ = {
			isa = PBXSourcesBuildPhase;
			buildActionMask = 2147483647;
			files = (
				2F293215281A29E400F06C24 /* PlantyUITestsLaunchTests.swift in Sources */,
				2F293213281A29E400F06C24 /* PlantyUITests.swift in Sources */,
			);
			runOnlyForDeploymentPostprocessing = 0;
		};
/* End PBXSourcesBuildPhase section */

/* Begin PBXTargetDependency section */
		2F293206281A29E400F06C24 /* PBXTargetDependency */ = {
			isa = PBXTargetDependency;
			target = 2F2931F3281A29E300F06C24 /* Planty */;
			targetProxy = 2F293205281A29E400F06C24 /* PBXContainerItemProxy */;
		};
		2F293210281A29E400F06C24 /* PBXTargetDependency */ = {
			isa = PBXTargetDependency;
			target = 2F2931F3281A29E300F06C24 /* Planty */;
			targetProxy = 2F29320F281A29E400F06C24 /* PBXContainerItemProxy */;
		};
/* End PBXTargetDependency section */

/* Begin XCBuildConfiguration section */
		2F293216281A29E400F06C24 /* Debug */ = {
			isa = XCBuildConfiguration;
			buildSettings = {
				ALWAYS_SEARCH_USER_PATHS = NO;
				CLANG_ANALYZER_NONNULL = YES;
				CLANG_ANALYZER_NUMBER_OBJECT_CONVERSION = YES_AGGRESSIVE;
				CLANG_CXX_LANGUAGE_STANDARD = "gnu++17";
				CLANG_CXX_LIBRARY = "libc++";
				CLANG_ENABLE_MODULES = YES;
				CLANG_ENABLE_OBJC_ARC = YES;
				CLANG_ENABLE_OBJC_WEAK = YES;
				CLANG_WARN_BLOCK_CAPTURE_AUTORELEASING = YES;
				CLANG_WARN_BOOL_CONVERSION = YES;
				CLANG_WARN_COMMA = YES;
				CLANG_WARN_CONSTANT_CONVERSION = YES;
				CLANG_WARN_DEPRECATED_OBJC_IMPLEMENTATIONS = YES;
				CLANG_WARN_DIRECT_OBJC_ISA_USAGE = YES_ERROR;
				CLANG_WARN_DOCUMENTATION_COMMENTS = YES;
				CLANG_WARN_EMPTY_BODY = YES;
				CLANG_WARN_ENUM_CONVERSION = YES;
				CLANG_WARN_INFINITE_RECURSION = YES;
				CLANG_WARN_INT_CONVERSION = YES;
				CLANG_WARN_NON_LITERAL_NULL_CONVERSION = YES;
				CLANG_WARN_OBJC_IMPLICIT_RETAIN_SELF = YES;
				CLANG_WARN_OBJC_LITERAL_CONVERSION = YES;
				CLANG_WARN_OBJC_ROOT_CLASS = YES_ERROR;
				CLANG_WARN_QUOTED_INCLUDE_IN_FRAMEWORK_HEADER = YES;
				CLANG_WARN_RANGE_LOOP_ANALYSIS = YES;
				CLANG_WARN_STRICT_PROTOTYPES = YES;
				CLANG_WARN_SUSPICIOUS_MOVE = YES;
				CLANG_WARN_UNGUARDED_AVAILABILITY = YES_AGGRESSIVE;
				CLANG_WARN_UNREACHABLE_CODE = YES;
				CLANG_WARN__DUPLICATE_METHOD_MATCH = YES;
				COPY_PHASE_STRIP = NO;
				DEBUG_INFORMATION_FORMAT = dwarf;
				ENABLE_STRICT_OBJC_MSGSEND = YES;
				ENABLE_TESTABILITY = YES;
				GCC_C_LANGUAGE_STANDARD = gnu11;
				GCC_DYNAMIC_NO_PIC = NO;
				GCC_NO_COMMON_BLOCKS = YES;
				GCC_OPTIMIZATION_LEVEL = 0;
				GCC_PREPROCESSOR_DEFINITIONS = (
					"DEBUG=1",
					"$(inherited)",
				);
				GCC_WARN_64_TO_32_BIT_CONVERSION = YES;
				GCC_WARN_ABOUT_RETURN_TYPE = YES_ERROR;
				GCC_WARN_UNDECLARED_SELECTOR = YES;
				GCC_WARN_UNINITIALIZED_AUTOS = YES_AGGRESSIVE;
				GCC_WARN_UNUSED_FUNCTION = YES;
				GCC_WARN_UNUSED_VARIABLE = YES;
				IPHONEOS_DEPLOYMENT_TARGET = 15.2;
				MTL_ENABLE_DEBUG_INFO = INCLUDE_SOURCE;
				MTL_FAST_MATH = YES;
				ONLY_ACTIVE_ARCH = YES;
				SDKROOT = iphoneos;
				SWIFT_ACTIVE_COMPILATION_CONDITIONS = DEBUG;
				SWIFT_OPTIMIZATION_LEVEL = "-Onone";
			};
			name = Debug;
		};
		2F293217281A29E400F06C24 /* Release */ = {
			isa = XCBuildConfiguration;
			buildSettings = {
				ALWAYS_SEARCH_USER_PATHS = NO;
				CLANG_ANALYZER_NONNULL = YES;
				CLANG_ANALYZER_NUMBER_OBJECT_CONVERSION = YES_AGGRESSIVE;
				CLANG_CXX_LANGUAGE_STANDARD = "gnu++17";
				CLANG_CXX_LIBRARY = "libc++";
				CLANG_ENABLE_MODULES = YES;
				CLANG_ENABLE_OBJC_ARC = YES;
				CLANG_ENABLE_OBJC_WEAK = YES;
				CLANG_WARN_BLOCK_CAPTURE_AUTORELEASING = YES;
				CLANG_WARN_BOOL_CONVERSION = YES;
				CLANG_WARN_COMMA = YES;
				CLANG_WARN_CONSTANT_CONVERSION = YES;
				CLANG_WARN_DEPRECATED_OBJC_IMPLEMENTATIONS = YES;
				CLANG_WARN_DIRECT_OBJC_ISA_USAGE = YES_ERROR;
				CLANG_WARN_DOCUMENTATION_COMMENTS = YES;
				CLANG_WARN_EMPTY_BODY = YES;
				CLANG_WARN_ENUM_CONVERSION = YES;
				CLANG_WARN_INFINITE_RECURSION = YES;
				CLANG_WARN_INT_CONVERSION = YES;
				CLANG_WARN_NON_LITERAL_NULL_CONVERSION = YES;
				CLANG_WARN_OBJC_IMPLICIT_RETAIN_SELF = YES;
				CLANG_WARN_OBJC_LITERAL_CONVERSION = YES;
				CLANG_WARN_OBJC_ROOT_CLASS = YES_ERROR;
				CLANG_WARN_QUOTED_INCLUDE_IN_FRAMEWORK_HEADER = YES;
				CLANG_WARN_RANGE_LOOP_ANALYSIS = YES;
				CLANG_WARN_STRICT_PROTOTYPES = YES;
				CLANG_WARN_SUSPICIOUS_MOVE = YES;
				CLANG_WARN_UNGUARDED_AVAILABILITY = YES_AGGRESSIVE;
				CLANG_WARN_UNREACHABLE_CODE = YES;
				CLANG_WARN__DUPLICATE_METHOD_MATCH = YES;
				COPY_PHASE_STRIP = NO;
				DEBUG_INFORMATION_FORMAT = "dwarf-with-dsym";
				ENABLE_NS_ASSERTIONS = NO;
				ENABLE_STRICT_OBJC_MSGSEND = YES;
				GCC_C_LANGUAGE_STANDARD = gnu11;
				GCC_NO_COMMON_BLOCKS = YES;
				GCC_WARN_64_TO_32_BIT_CONVERSION = YES;
				GCC_WARN_ABOUT_RETURN_TYPE = YES_ERROR;
				GCC_WARN_UNDECLARED_SELECTOR = YES;
				GCC_WARN_UNINITIALIZED_AUTOS = YES_AGGRESSIVE;
				GCC_WARN_UNUSED_FUNCTION = YES;
				GCC_WARN_UNUSED_VARIABLE = YES;
				IPHONEOS_DEPLOYMENT_TARGET = 15.2;
				MTL_ENABLE_DEBUG_INFO = NO;
				MTL_FAST_MATH = YES;
				SDKROOT = iphoneos;
				SWIFT_COMPILATION_MODE = wholemodule;
				SWIFT_OPTIMIZATION_LEVEL = "-O";
				VALIDATE_PRODUCT = YES;
			};
			name = Release;
		};
		2F293219281A29E400F06C24 /* Debug */ = {
			isa = XCBuildConfiguration;
			buildSettings = {
				ASSETCATALOG_COMPILER_APPICON_NAME = AppIcon;
				ASSETCATALOG_COMPILER_GLOBAL_ACCENT_COLOR_NAME = AccentColor;
				CODE_SIGN_STYLE = Automatic;
				CURRENT_PROJECT_VERSION = 1;
				DEVELOPMENT_ASSET_PATHS = "\"Planty/Preview Content\"";
				DEVELOPMENT_TEAM = KZ9PN4535G;
				ENABLE_PREVIEWS = YES;
				GENERATE_INFOPLIST_FILE = YES;
				INFOPLIST_KEY_UIApplicationSceneManifest_Generation = YES;
				INFOPLIST_KEY_UIApplicationSupportsIndirectInputEvents = YES;
				INFOPLIST_KEY_UILaunchScreen_Generation = YES;
				INFOPLIST_KEY_UISupportedInterfaceOrientations_iPad = "UIInterfaceOrientationPortrait UIInterfaceOrientationPortraitUpsideDown UIInterfaceOrientationLandscapeLeft UIInterfaceOrientationLandscapeRight";
				INFOPLIST_KEY_UISupportedInterfaceOrientations_iPhone = "UIInterfaceOrientationPortrait UIInterfaceOrientationLandscapeLeft UIInterfaceOrientationLandscapeRight";
				LD_RUNPATH_SEARCH_PATHS = (
					"$(inherited)",
					"@executable_path/Frameworks",
				);
				MARKETING_VERSION = 1.0;
				PRODUCT_BUNDLE_IDENTIFIER = com.renaka.movie.Planty;
				PRODUCT_NAME = "$(TARGET_NAME)";
				SWIFT_EMIT_LOC_STRINGS = YES;
				SWIFT_VERSION = 5.0;
				TARGETED_DEVICE_FAMILY = "1,2";
			};
			name = Debug;
		};
		2F29321A281A29E400F06C24 /* Release */ = {
			isa = XCBuildConfiguration;
			buildSettings = {
				ASSETCATALOG_COMPILER_APPICON_NAME = AppIcon;
				ASSETCATALOG_COMPILER_GLOBAL_ACCENT_COLOR_NAME = AccentColor;
				CODE_SIGN_STYLE = Automatic;
				CURRENT_PROJECT_VERSION = 1;
				DEVELOPMENT_ASSET_PATHS = "\"Planty/Preview Content\"";
				DEVELOPMENT_TEAM = KZ9PN4535G;
				ENABLE_PREVIEWS = YES;
				GENERATE_INFOPLIST_FILE = YES;
				INFOPLIST_KEY_UIApplicationSceneManifest_Generation = YES;
				INFOPLIST_KEY_UIApplicationSupportsIndirectInputEvents = YES;
				INFOPLIST_KEY_UILaunchScreen_Generation = YES;
				INFOPLIST_KEY_UISupportedInterfaceOrientations_iPad = "UIInterfaceOrientationPortrait UIInterfaceOrientationPortraitUpsideDown UIInterfaceOrientationLandscapeLeft UIInterfaceOrientationLandscapeRight";
				INFOPLIST_KEY_UISupportedInterfaceOrientations_iPhone = "UIInterfaceOrientationPortrait UIInterfaceOrientationLandscapeLeft UIInterfaceOrientationLandscapeRight";
				LD_RUNPATH_SEARCH_PATHS = (
					"$(inherited)",
					"@executable_path/Frameworks",
				);
				MARKETING_VERSION = 1.0;
				PRODUCT_BUNDLE_IDENTIFIER = com.renaka.movie.Planty;
				PRODUCT_NAME = "$(TARGET_NAME)";
				SWIFT_EMIT_LOC_STRINGS = YES;
				SWIFT_VERSION = 5.0;
				TARGETED_DEVICE_FAMILY = "1,2";
			};
			name = Release;
		};
		2F29321C281A29E400F06C24 /* Debug */ = {
			isa = XCBuildConfiguration;
			buildSettings = {
				ALWAYS_EMBED_SWIFT_STANDARD_LIBRARIES = YES;
				BUNDLE_LOADER = "$(TEST_HOST)";
				CODE_SIGN_STYLE = Automatic;
				CURRENT_PROJECT_VERSION = 1;
				DEVELOPMENT_TEAM = KZ9PN4535G;
				GENERATE_INFOPLIST_FILE = YES;
				IPHONEOS_DEPLOYMENT_TARGET = 15.2;
				MARKETING_VERSION = 1.0;
				PRODUCT_BUNDLE_IDENTIFIER = com.renaka.movie.PlantyTests;
				PRODUCT_NAME = "$(TARGET_NAME)";
				SWIFT_EMIT_LOC_STRINGS = NO;
				SWIFT_VERSION = 5.0;
				TARGETED_DEVICE_FAMILY = "1,2";
				TEST_HOST = "$(BUILT_PRODUCTS_DIR)/Planty.app/Planty";
			};
			name = Debug;
		};
		2F29321D281A29E400F06C24 /* Release */ = {
			isa = XCBuildConfiguration;
			buildSettings = {
				ALWAYS_EMBED_SWIFT_STANDARD_LIBRARIES = YES;
				BUNDLE_LOADER = "$(TEST_HOST)";
				CODE_SIGN_STYLE = Automatic;
				CURRENT_PROJECT_VERSION = 1;
				DEVELOPMENT_TEAM = KZ9PN4535G;
				GENERATE_INFOPLIST_FILE = YES;
				IPHONEOS_DEPLOYMENT_TARGET = 15.2;
				MARKETING_VERSION = 1.0;
				PRODUCT_BUNDLE_IDENTIFIER = com.renaka.movie.PlantyTests;
				PRODUCT_NAME = "$(TARGET_NAME)";
				SWIFT_EMIT_LOC_STRINGS = NO;
				SWIFT_VERSION = 5.0;
				TARGETED_DEVICE_FAMILY = "1,2";
				TEST_HOST = "$(BUILT_PRODUCTS_DIR)/Planty.app/Planty";
			};
			name = Release;
		};
		2F29321F281A29E400F06C24 /* Debug */ = {
			isa = XCBuildConfiguration;
			buildSettings = {
				ALWAYS_EMBED_SWIFT_STANDARD_LIBRARIES = YES;
				CODE_SIGN_STYLE = Automatic;
				CURRENT_PROJECT_VERSION = 1;
				DEVELOPMENT_TEAM = KZ9PN4535G;
				GENERATE_INFOPLIST_FILE = YES;
				MARKETING_VERSION = 1.0;
				PRODUCT_BUNDLE_IDENTIFIER = com.renaka.movie.PlantyUITests;
				PRODUCT_NAME = "$(TARGET_NAME)";
				SWIFT_EMIT_LOC_STRINGS = NO;
				SWIFT_VERSION = 5.0;
				TARGETED_DEVICE_FAMILY = "1,2";
				TEST_TARGET_NAME = Planty;
			};
			name = Debug;
		};
		2F293220281A29E400F06C24 /* Release */ = {
			isa = XCBuildConfiguration;
			buildSettings = {
				ALWAYS_EMBED_SWIFT_STANDARD_LIBRARIES = YES;
				CODE_SIGN_STYLE = Automatic;
				CURRENT_PROJECT_VERSION = 1;
				DEVELOPMENT_TEAM = KZ9PN4535G;
				GENERATE_INFOPLIST_FILE = YES;
				MARKETING_VERSION = 1.0;
				PRODUCT_BUNDLE_IDENTIFIER = com.renaka.movie.PlantyUITests;
				PRODUCT_NAME = "$(TARGET_NAME)";
				SWIFT_EMIT_LOC_STRINGS = NO;
				SWIFT_VERSION = 5.0;
				TARGETED_DEVICE_FAMILY = "1,2";
				TEST_TARGET_NAME = Planty;
			};
			name = Release;
		};
/* End XCBuildConfiguration section */

/* Begin XCConfigurationList section */
		2F2931EF281A29E300F06C24 /* Build configuration list for PBXProject "Planty" */ = {
			isa = XCConfigurationList;
			buildConfigurations = (
				2F293216281A29E400F06C24 /* Debug */,
				2F293217281A29E400F06C24 /* Release */,
			);
			defaultConfigurationIsVisible = 0;
			defaultConfigurationName = Release;
		};
		2F293218281A29E400F06C24 /* Build configuration list for PBXNativeTarget "Planty" */ = {
			isa = XCConfigurationList;
			buildConfigurations = (
				2F293219281A29E400F06C24 /* Debug */,
				2F29321A281A29E400F06C24 /* Release */,
			);
			defaultConfigurationIsVisible = 0;
			defaultConfigurationName = Release;
		};
		2F29321B281A29E400F06C24 /* Build configuration list for PBXNativeTarget "PlantyTests" */ = {
			isa = XCConfigurationList;
			buildConfigurations = (
				2F29321C281A29E400F06C24 /* Debug */,
				2F29321D281A29E400F06C24 /* Release */,
			);
			defaultConfigurationIsVisible = 0;
			defaultConfigurationName = Release;
		};
		2F29321E281A29E400F06C24 /* Build configuration list for PBXNativeTarget "PlantyUITests" */ = {
			isa = XCConfigurationList;
			buildConfigurations = (
				2F29321F281A29E400F06C24 /* Debug */,
				2F293220281A29E400F06C24 /* Release */,
			);
			defaultConfigurationIsVisible = 0;
			defaultConfigurationName = Release;
		};
/* End XCConfigurationList section */
	};
	rootObject = 2F2931EC281A29E300F06C24 /* Project object */;
}
